
Microsoft Visual Studio Solution File, Format Version 12.00
# Visual Studio Version 17
VisualStudioVersion = 17.11.35208.52
MinimumVisualStudioVersion = 10.0.40219.1
Project("{FAE04EC0-301F-11D3-BF4B-00C04F79EFBC}") = "WinUI.TableView.SampleApp", "WinUI.TableView.SampleApp\WinUI.TableView.SampleApp.csproj", "{79C4DE33-92D1-CAAF-7500-EBAC12CD6346}"
EndProject
Project("{2150E333-8FDC-42A3-9474-1A3956D46DE8}") = "Solution Items", "Solution Items", "{8EC462FD-D22E-90A8-E5CE-7E832BA40C5D}"
	ProjectSection(SolutionItems) = preProject
		Directory.Build.props = Directory.Build.props
		Directory.Packages.props = Directory.Packages.props
		global.json = global.json
	EndProjectSection
EndProject
Project("{FAE04EC0-301F-11D3-BF4B-00C04F79EFBC}") = "WinUI.TableView.SampleApp.Uno", "WinUI.TableView.SampleApp.Uno\WinUI.TableView.SampleApp.Uno.csproj", "{7AAFE010-E172-123A-A05A-CA770649222C}"
EndProject
Project("{FAE04EC0-301F-11D3-BF4B-00C04F79EFBC}") = "WinUI.TableView", "..\WinUI.TableView\src\WinUI.TableView.csproj", "{E3167CF1-BAFE-FD91-8DBA-6BAE245EB4D7}"
EndProject
Global
	GlobalSection(SolutionConfigurationPlatforms) = preSolution
		Debug|Any CPU = Debug|Any CPU
		Release|Any CPU = Release|Any CPU
	EndGlobalSection
	GlobalSection(ProjectConfigurationPlatforms) = postSolution
		{79C4DE33-92D1-CAAF-7500-EBAC12CD6346}.Debug|Any CPU.ActiveCfg = Debug|x64
		{79C4DE33-92D1-CAAF-7500-EBAC12CD6346}.Debug|Any CPU.Build.0 = Debug|x64
		{79C4DE33-92D1-CAAF-7500-EBAC12CD6346}.Debug|Any CPU.Deploy.0 = Debug|x64
		{79C4DE33-92D1-CAAF-7500-EBAC12CD6346}.Release|Any CPU.ActiveCfg = Release|x64
		{79C4DE33-92D1-CAAF-7500-EBAC12CD6346}.Release|Any CPU.Build.0 = Release|x64
		{79C4DE33-92D1-CAAF-7500-EBAC12CD6346}.Release|Any CPU.Deploy.0 = Release|x64
		{7AAFE010-E172-123A-A05A-CA770649222C}.Debug|Any CPU.ActiveCfg = Debug|Any CPU
		{7AAFE010-E172-123A-A05A-CA770649222C}.Debug|Any CPU.Build.0 = Debug|Any CPU
		{7AAFE010-E172-123A-A05A-CA770649222C}.Release|Any CPU.ActiveCfg = Release|Any CPU
		{7AAFE010-E172-123A-A05A-CA770649222C}.Release|Any CPU.Build.0 = Release|Any CPU
		{E3167CF1-BAFE-FD91-8DBA-6BAE245EB4D7}.Debug|Any CPU.ActiveCfg = Debug|Any CPU
		{E3167CF1-BAFE-FD91-8DBA-6BAE245EB4D7}.Debug|Any CPU.Build.0 = Debug|Any CPU
		{E3167CF1-BAFE-FD91-8DBA-6BAE245EB4D7}.Release|Any CPU.ActiveCfg = Release|Any CPU
		{E3167CF1-BAFE-FD91-8DBA-6BAE245EB4D7}.Release|Any CPU.Build.0 = Release|Any CPU
	EndGlobalSection
	GlobalSection(SolutionProperties) = preSolution
		HideSolutionNode = FALSE
	EndGlobalSection
	GlobalSection(ExtensibilityGlobals) = postSolution
		SolutionGuid = {79BBEBA1-39AB-4580-BF79-B145B191DC33}
	EndGlobalSection
EndGlobal
